
Microsoft Visual Studio Solution File, Format Version 12.00
# Visual Studio 15
VisualStudioVersion = 15.0.28307.421
MinimumVisualStudioVersion = 10.0.40219.1
Project("{FAE04EC0-301F-11D3-BF4B-00C04F79EFBC}") = "PreetiArrayAPI", "PreetiArrayAPI\PreetiArrayAPI.csproj", "{70E6E121-A634-4AFE-831D-91712EB8264C}"
EndProject
Global
	GlobalSection(SolutionConfigurationPlatforms) = preSolution
		Debug|Any CPU = Debug|Any CPU
		Release|Any CPU = Release|Any CPU
	EndGlobalSection
	GlobalSection(ProjectConfigurationPlatforms) = postSolution
		{70E6E121-A634-4AFE-831D-91712EB8264C}.Debug|Any CPU.ActiveCfg = Debug|Any CPU
		{70E6E121-A634-4AFE-831D-91712EB8264C}.Debug|Any CPU.Build.0 = Debug|Any CPU
		{70E6E121-A634-4AFE-831D-91712EB8264C}.Release|Any CPU.ActiveCfg = Release|Any CPU
		{70E6E121-A634-4AFE-831D-91712EB8264C}.Release|Any CPU.Build.0 = Release|Any CPU
	EndGlobalSection
	GlobalSection(SolutionProperties) = preSolution
		HideSolutionNode = FALSE
	EndGlobalSection
	GlobalSection(ExtensibilityGlobals) = postSolution
		SolutionGuid = {4F3C2B8C-19F5-46E3-A80F-C833A1430A33}
	EndGlobalSection
EndGlobal
